<Solution>
  <Configurations>
    <Platform Name="x64" />
    <Platform Name="x86" />
  </Configurations>
  <Project Path="CPPAlgorithm/CPPAlgorithm.vcxproj" Id="416a2ec7-66d3-4104-ae76-5544a6c6739b" />
  <Project Path="CppDemo/CppDemo.vcxproj" Id="7944ecc6-b809-4ea8-9b45-78aae9cb1858" />
</Solution>
